// !$*UTF8*$!
{
	archiveVersion = 1;
	classes = {
	};
	objectVersion = 46;
	objects = {

/* Begin PBXBuildFile section */
		6AE486681B39EA3500CAC84B /* AppDelegate.swift in Sources */ = {isa = PBXBuildFile; fileRef = 6AE486671B39EA3500CAC84B /* AppDelegate.swift */; };
		6AE4866A1B39EA3500CAC84B /* ViewController.swift in Sources */ = {isa = PBXBuildFile; fileRef = 6AE486691B39EA3500CAC84B /* ViewController.swift */; };
		6AE4866D1B39EA3500CAC84B /* Main.storyboard in Resources */ = {isa = PBXBuildFile; fileRef = 6AE4866B1B39EA3500CAC84B /* Main.storyboard */; };
		6AE4866F1B39EA3500CAC84B /* Images.xcassets in Resources */ = {isa = PBXBuildFile; fileRef = 6AE4866E1B39EA3500CAC84B /* Images.xcassets */; };
		6AE486721B39EA3500CAC84B /* LaunchScreen.xib in Resources */ = {isa = PBXBuildFile; fileRef = 6AE486701B39EA3500CAC84B /* LaunchScreen.xib */; };
		6AE4867E1B39EA3500CAC84B /* SwiftLoginScreenTests.swift in Sources */ = {isa = PBXBuildFile; fileRef = 6AE4867D1B39EA3500CAC84B /* SwiftLoginScreenTests.swift */; };
		6AE486881B3AED8B00CAC84B /* LoginVC.swift in Sources */ = {isa = PBXBuildFile; fileRef = 6AE486871B3AED8B00CAC84B /* LoginVC.swift */; };
		6AE4868A1B3AF01800CAC84B /* SingupVC.swift in Sources */ = {isa = PBXBuildFile; fileRef = 6AE486891B3AF01800CAC84B /* SingupVC.swift */; };
/* End PBXBuildFile section */

/* Begin PBXContainerItemProxy section */
		6AE486781B39EA3500CAC84B /* PBXContainerItemProxy */ = {
			isa = PBXContainerItemProxy;
			containerPortal = 6AE4865A1B39EA3500CAC84B /* Project object */;
			proxyType = 1;
			remoteGlobalIDString = 6AE486611B39EA3500CAC84B;
			remoteInfo = SwiftLoginScreen;
		};
/* End PBXContainerItemProxy section */

/* Begin PBXFileReference section */
		6AE486621B39EA3500CAC84B /* SwiftLoginScreen.app */ = {isa = PBXFileReference; explicitFileType = wrapper.application; includeInIndex = 0; path = SwiftLoginScreen.app; sourceTree = BUILT_PRODUCTS_DIR; };
		6AE486661B39EA3500CAC84B /* Info.plist */ = {isa = PBXFileReference; lastKnownFileType = text.plist.xml; path = Info.plist; sourceTree = "<group>"; };
		6AE486671B39EA3500CAC84B /* AppDelegate.swift */ = {isa = PBXFileReference; lastKnownFileType = sourcecode.swift; path = AppDelegate.swift; sourceTree = "<group>"; };
		6AE486691B39EA3500CAC84B /* ViewController.swift */ = {isa = PBXFileReference; lastKnownFileType = sourcecode.swift; path = ViewController.swift; sourceTree = "<group>"; };
		6AE4866C1B39EA3500CAC84B /* Base */ = {isa = PBXFileReference; lastKnownFileType = file.storyboard; name = Base; path = Base.lproj/Main.storyboard; sourceTree = "<group>"; };
		6AE4866E1B39EA3500CAC84B /* Images.xcassets */ = {isa = PBXFileReference; lastKnownFileType = folder.assetcatalog; path = Images.xcassets; sourceTree = "<group>"; };
		6AE486711B39EA3500CAC84B /* Base */ = {isa = PBXFileReference; lastKnownFileType = file.xib; name = Base; path = Base.lproj/LaunchScreen.xib; sourceTree = "<group>"; };
		6AE486771B39EA3500CAC84B /* SwiftLoginScreenTests.xctest */ = {isa = PBXFileReference; explicitFileType = wrapper.cfbundle; includeInIndex = 0; path = SwiftLoginScreenTests.xctest; sourceTree = BUILT_PRODUCTS_DIR; };
		6AE4867C1B39EA3500CAC84B /* Info.plist */ = {isa = PBXFileReference; lastKnownFileType = text.plist.xml; path = Info.plist; sourceTree = "<group>"; };
		6AE4867D1B39EA3500CAC84B /* SwiftLoginScreenTests.swift */ = {isa = PBXFileReference; lastKnownFileType = sourcecode.swift; path = SwiftLoginScreenTests.swift; sourceTree = "<group>"; };
		6AE486871B3AED8B00CAC84B /* LoginVC.swift */ = {isa = PBXFileReference; fileEncoding = 4; lastKnownFileType = sourcecode.swift; path = LoginVC.swift; sourceTree = "<group>"; };
		6AE486891B3AF01800CAC84B /* SingupVC.swift */ = {isa = PBXFileReference; fileEncoding = 4; lastKnownFileType = sourcecode.swift; path = SingupVC.swift; sourceTree = "<group>"; };
/* End PBXFileReference section */

/* Begin PBXFrameworksBuildPhase section */
		6AE4865F1B39EA3500CAC84B /* Frameworks */ = {
			isa = PBXFrameworksBuildPhase;
			buildActionMask = 2147483647;
			files = (
			);
			runOnlyForDeploymentPostprocessing = 0;
		};
		6AE486741B39EA3500CAC84B /* Frameworks */ = {
			isa = PBXFrameworksBuildPhase;
			buildActionMask = 2147483647;
			files = (
			);
			runOnlyForDeploymentPostprocessing = 0;
		};
/* End PBXFrameworksBuildPhase section */

/* Begin PBXGroup section */
		6AE486591B39EA3500CAC84B = {
			isa = PBXGroup;
			children = (
				6AE486641B39EA3500CAC84B /* SwiftLoginScreen */,
				6AE4867A1B39EA3500CAC84B /* SwiftLoginScreenTests */,
				6AE486631B39EA3500CAC84B /* Products */,
			);
			sourceTree = "<group>";
		};
		6AE486631B39EA3500CAC84B /* Products */ = {
			isa = PBXGroup;
			children = (
				6AE486621B39EA3500CAC84B /* SwiftLoginScreen.app */,
				6AE486771B39EA3500CAC84B /* SwiftLoginScreenTests.xctest */,
			);
			name = Products;
			sourceTree = "<group>";
		};
		6AE486641B39EA3500CAC84B /* SwiftLoginScreen */ = {
			isa = PBXGroup;
			children = (
				6AE486671B39EA3500CAC84B /* AppDelegate.swift */,
				6AE486691B39EA3500CAC84B /* ViewController.swift */,
				6AE4866B1B39EA3500CAC84B /* Main.storyboard */,
				6AE4866E1B39EA3500CAC84B /* Images.xcassets */,
				6AE486701B39EA3500CAC84B /* LaunchScreen.xib */,
				6AE486651B39EA3500CAC84B /* Supporting Files */,
				6AE486871B3AED8B00CAC84B /* LoginVC.swift */,
				6AE486891B3AF01800CAC84B /* SingupVC.swift */,
			);
			path = SwiftLoginScreen;
			sourceTree = "<group>";
		};
		6AE486651B39EA3500CAC84B /* Supporting Files */ = {
			isa = PBXGroup;
			children = (
				6AE486661B39EA3500CAC84B /* Info.plist */,
			);
			name = "Supporting Files";
			sourceTree = "<group>";
		};
		6AE4867A1B39EA3500CAC84B /* SwiftLoginScreenTests */ = {
			isa = PBXGroup;
			children = (
				6AE4867D1B39EA3500CAC84B /* SwiftLoginScreenTests.swift */,
				6AE4867B1B39EA3500CAC84B /* Supporting Files */,
			);
			path = SwiftLoginScreenTests;
			sourceTree = "<group>";
		};
		6AE4867B1B39EA3500CAC84B /* Supporting Files */ = {
			isa = PBXGroup;
			children = (
				6AE4867C1B39EA3500CAC84B /* Info.plist */,
			);
			name = "Supporting Files";
			sourceTree = "<group>";
		};
/* End PBXGroup section */

/* Begin PBXNativeTarget section */
		6AE486611B39EA3500CAC84B /* SwiftLoginScreen */ = {
			isa = PBXNativeTarget;
			buildConfigurationList = 6AE486811B39EA3500CAC84B /* Build configuration list for PBXNativeTarget "SwiftLoginScreen" */;
			buildPhases = (
				6AE4865E1B39EA3500CAC84B /* Sources */,
				6AE4865F1B39EA3500CAC84B /* Frameworks */,
				6AE486601B39EA3500CAC84B /* Resources */,
			);
			buildRules = (
			);
			dependencies = (
			);
			name = SwiftLoginScreen;
			productName = SwiftLoginScreen;
			productReference = 6AE486621B39EA3500CAC84B /* SwiftLoginScreen.app */;
			productType = "com.apple.product-type.application";
		};
		6AE486761B39EA3500CAC84B /* SwiftLoginScreenTests */ = {
			isa = PBXNativeTarget;
			buildConfigurationList = 6AE486841B39EA3500CAC84B /* Build configuration list for PBXNativeTarget "SwiftLoginScreenTests" */;
			buildPhases = (
				6AE486731B39EA3500CAC84B /* Sources */,
				6AE486741B39EA3500CAC84B /* Frameworks */,
				6AE486751B39EA3500CAC84B /* Resources */,
			);
			buildRules = (
			);
			dependencies = (
				6AE486791B39EA3500CAC84B /* PBXTargetDependency */,
			);
			name = SwiftLoginScreenTests;
			productName = SwiftLoginScreenTests;
			productReference = 6AE486771B39EA3500CAC84B /* SwiftLoginScreenTests.xctest */;
			productType = "com.apple.product-type.bundle.unit-test";
		};
/* End PBXNativeTarget section */

/* Begin PBXProject section */
		6AE4865A1B39EA3500CAC84B /* Project object */ = {
			isa = PBXProject;
			attributes = {
				LastUpgradeCheck = 0630;
				ORGANIZATIONNAME = "Luis Cua Catzin";
				TargetAttributes = {
					6AE486611B39EA3500CAC84B = {
						CreatedOnToolsVersion = 6.3.1;
					};
					6AE486761B39EA3500CAC84B = {
						CreatedOnToolsVersion = 6.3.1;
						TestTargetID = 6AE486611B39EA3500CAC84B;
					};
				};
			};
			buildConfigurationList = 6AE4865D1B39EA3500CAC84B /* Build configuration list for PBXProject "SwiftLoginScreen" */;
			compatibilityVersion = "Xcode 3.2";
			developmentRegion = English;
			hasScannedForEncodings = 0;
			knownRegions = (
				en,
				Base,
			);
			mainGroup = 6AE486591B39EA3500CAC84B;
			productRefGroup = 6AE486631B39EA3500CAC84B /* Products */;
			projectDirPath = "";
			projectRoot = "";
			targets = (
				6AE486611B39EA3500CAC84B /* SwiftLoginScreen */,
				6AE486761B39EA3500CAC84B /* SwiftLoginScreenTests */,
			);
		};
/* End PBXProject section */

/* Begin PBXResourcesBuildPhase section */
		6AE486601B39EA3500CAC84B /* Resources */ = {
			isa = PBXResourcesBuildPhase;
			buildActionMask = 2147483647;
			files = (
				6AE4866D1B39EA3500CAC84B /* Main.storyboard in Resources */,
				6AE486721B39EA3500CAC84B /* LaunchScreen.xib in Resources */,
				6AE4866F1B39EA3500CAC84B /* Images.xcassets in Resources */,
			);
			runOnlyForDeploymentPostprocessing = 0;
		};
		6AE486751B39EA3500CAC84B /* Resources */ = {
			isa = PBXResourcesBuildPhase;
			buildActionMask = 2147483647;
			files = (
			);
			runOnlyForDeploymentPostprocessing = 0;
		};
/* End PBXResourcesBuildPhase section */

/* Begin PBXSourcesBuildPhase section */
		6AE4865E1B39EA3500CAC84B /* Sources */ = {
			isa = PBXSourcesBuildPhase;
			buildActionMask = 2147483647;
			files = (
				6AE4868A1B3AF01800CAC84B /* SingupVC.swift in Sources */,
				6AE4866A1B39EA3500CAC84B /* ViewController.swift in Sources */,
				6AE486681B39EA3500CAC84B /* AppDelegate.swift in Sources */,
				6AE486881B3AED8B00CAC84B /* LoginVC.swift in Sources */,
			);
			runOnlyForDeploymentPostprocessing = 0;
		};
		6AE486731B39EA3500CAC84B /* Sources */ = {
			isa = PBXSourcesBuildPhase;
			buildActionMask = 2147483647;
			files = (
				6AE4867E1B39EA3500CAC84B /* SwiftLoginScreenTests.swift in Sources */,
			);
			runOnlyForDeploymentPostprocessing = 0;
		};
/* End PBXSourcesBuildPhase section */

/* Begin PBXTargetDependency section */
		6AE486791B39EA3500CAC84B /* PBXTargetDependency */ = {
			isa = PBXTargetDependency;
			target = 6AE486611B39EA3500CAC84B /* SwiftLoginScreen */;
			targetProxy = 6AE486781B39EA3500CAC84B /* PBXContainerItemProxy */;
		};
/* End PBXTargetDependency section */

/* Begin PBXVariantGroup section */
		6AE4866B1B39EA3500CAC84B /* Main.storyboard */ = {
			isa = PBXVariantGroup;
			children = (
				6AE4866C1B39EA3500CAC84B /* Base */,
			);
			name = Main.storyboard;
			sourceTree = "<group>";
		};
		6AE486701B39EA3500CAC84B /* LaunchScreen.xib */ = {
			isa = PBXVariantGroup;
			children = (
				6AE486711B39EA3500CAC84B /* Base */,
			);
			name = LaunchScreen.xib;
			sourceTree = "<group>";
		};
/* End PBXVariantGroup section */

/* Begin XCBuildConfiguration section */
		6AE4867F1B39EA3500CAC84B /* Debug */ = {
			isa = XCBuildConfiguration;
			buildSettings = {
				ALWAYS_SEARCH_USER_PATHS = NO;
				CLANG_CXX_LANGUAGE_STANDARD = "gnu++0x";
				CLANG_CXX_LIBRARY = "libc++";
				CLANG_ENABLE_MODULES = YES;
				CLANG_ENABLE_OBJC_ARC = YES;
				CLANG_WARN_BOOL_CONVERSION = YES;
				CLANG_WARN_CONSTANT_CONVERSION = YES;
				CLANG_WARN_DIRECT_OBJC_ISA_USAGE = YES_ERROR;
				CLANG_WARN_EMPTY_BODY = YES;
				CLANG_WARN_ENUM_CONVERSION = YES;
				CLANG_WARN_INT_CONVERSION = YES;
				CLANG_WARN_OBJC_ROOT_CLASS = YES_ERROR;
				CLANG_WARN_UNREACHABLE_CODE = YES;
				CLANG_WARN__DUPLICATE_METHOD_MATCH = YES;
				"CODE_SIGN_IDENTITY[sdk=iphoneos*]" = "iPhone Developer";
				COPY_PHASE_STRIP = NO;
				DEBUG_INFORMATION_FORMAT = "dwarf-with-dsym";
				ENABLE_STRICT_OBJC_MSGSEND = YES;
				GCC_C_LANGUAGE_STANDARD = gnu99;
				GCC_DYNAMIC_NO_PIC = NO;
				GCC_NO_COMMON_BLOCKS = YES;
				GCC_OPTIMIZATION_LEVEL = 0;
				GCC_PREPROCESSOR_DEFINITIONS = (
					"DEBUG=1",
					"$(inherited)",
				);
				GCC_SYMBOLS_PRIVATE_EXTERN = NO;
				GCC_WARN_64_TO_32_BIT_CONVERSION = YES;
				GCC_WARN_ABOUT_RETURN_TYPE = YES_ERROR;
				GCC_WARN_UNDECLARED_SELECTOR = YES;
				GCC_WARN_UNINITIALIZED_AUTOS = YES_AGGRESSIVE;
				GCC_WARN_UNUSED_FUNCTION = YES;
				GCC_WARN_UNUSED_VARIABLE = YES;
				IPHONEOS_DEPLOYMENT_TARGET = 8.3;
				MTL_ENABLE_DEBUG_INFO = YES;
				ONLY_ACTIVE_ARCH = YES;
				SDKROOT = iphoneos;
				SWIFT_OPTIMIZATION_LEVEL = "-Onone";
			};
			name = Debug;
		};
		6AE486801B39EA3500CAC84B /* Release */ = {
			isa = XCBuildConfiguration;
			buildSettings = {
				ALWAYS_SEARCH_USER_PATHS = NO;
				CLANG_CXX_LANGUAGE_STANDARD = "gnu++0x";
				CLANG_CXX_LIBRARY = "libc++";
				CLANG_ENABLE_MODULES = YES;
				CLANG_ENABLE_OBJC_ARC = YES;
				CLANG_WARN_BOOL_CONVERSION = YES;
				CLANG_WARN_CONSTANT_CONVERSION = YES;
				CLANG_WARN_DIRECT_OBJC_ISA_USAGE = YES_ERROR;
				CLANG_WARN_EMPTY_BODY = YES;
				CLANG_WARN_ENUM_CONVERSION = YES;
				CLANG_WARN_INT_CONVERSION = YES;
				CLANG_WARN_OBJC_ROOT_CLASS = YES_ERROR;
				CLANG_WARN_UNREACHABLE_CODE = YES;
				CLANG_WARN__DUPLICATE_METHOD_MATCH = YES;
				"CODE_SIGN_IDENTITY[sdk=iphoneos*]" = "iPhone Developer";
				COPY_PHASE_STRIP = NO;
				DEBUG_INFORMATION_FORMAT = "dwarf-with-dsym";
				ENABLE_NS_ASSERTIONS = NO;
				ENABLE_STRICT_OBJC_MSGSEND = YES;
				GCC_C_LANGUAGE_STANDARD = gnu99;
				GCC_NO_COMMON_BLOCKS = YES;
				GCC_WARN_64_TO_32_BIT_CONVERSION = YES;
				GCC_WARN_ABOUT_RETURN_TYPE = YES_ERROR;
				GCC_WARN_UNDECLARED_SELECTOR = YES;
				GCC_WARN_UNINITIALIZED_AUTOS = YES_AGGRESSIVE;
				GCC_WARN_UNUSED_FUNCTION = YES;
				GCC_WARN_UNUSED_VARIABLE = YES;
				IPHONEOS_DEPLOYMENT_TARGET = 8.3;
				MTL_ENABLE_DEBUG_INFO = NO;
				SDKROOT = iphoneos;
				VALIDATE_PRODUCT = YES;
			};
			name = Release;
		};
		6AE486821B39EA3500CAC84B /* Debug */ = {
			isa = XCBuildConfiguration;
			buildSettings = {
				ASSETCATALOG_COMPILER_APPICON_NAME = AppIcon;
				INFOPLIST_FILE = SwiftLoginScreen/Info.plist;
				LD_RUNPATH_SEARCH_PATHS = "$(inherited) @executable_path/Frameworks";
				PRODUCT_NAME = "$(TARGET_NAME)";
			};
			name = Debug;
		};
		6AE486831B39EA3500CAC84B /* Release */ = {
			isa = XCBuildConfiguration;
			buildSettings = {
				ASSETCATALOG_COMPILER_APPICON_NAME = AppIcon;
				INFOPLIST_FILE = SwiftLoginScreen/Info.plist;
				LD_RUNPATH_SEARCH_PATHS = "$(inherited) @executable_path/Frameworks";
				PRODUCT_NAME = "$(TARGET_NAME)";
			};
			name = Release;
		};
		6AE486851B39EA3500CAC84B /* Debug */ = {
			isa = XCBuildConfiguration;
			buildSettings = {
				BUNDLE_LOADER = "$(TEST_HOST)";
				FRAMEWORK_SEARCH_PATHS = (
					"$(SDKROOT)/Developer/Library/Frameworks",
					"$(inherited)",
				);
				GCC_PREPROCESSOR_DEFINITIONS = (
					"DEBUG=1",
					"$(inherited)",
				);
				INFOPLIST_FILE = SwiftLoginScreenTests/Info.plist;
				LD_RUNPATH_SEARCH_PATHS = "$(inherited) @executable_path/Frameworks @loader_path/Frameworks";
				PRODUCT_NAME = "$(TARGET_NAME)";
				TEST_HOST = "$(BUILT_PRODUCTS_DIR)/SwiftLoginScreen.app/SwiftLoginScreen";
			};
			name = Debug;
		};
		6AE486861B39EA3500CAC84B /* Release */ = {
			isa = XCBuildConfiguration;
			buildSettings = {
				BUNDLE_LOADER = "$(TEST_HOST)";
				FRAMEWORK_SEARCH_PATHS = (
					"$(SDKROOT)/Developer/Library/Frameworks",
					"$(inherited)",
				);
				INFOPLIST_FILE = SwiftLoginScreenTests/Info.plist;
				LD_RUNPATH_SEARCH_PATHS = "$(inherited) @executable_path/Frameworks @loader_path/Frameworks";
				PRODUCT_NAME = "$(TARGET_NAME)";
				TEST_HOST = "$(BUILT_PRODUCTS_DIR)/SwiftLoginScreen.app/SwiftLoginScreen";
			};
			name = Release;
		};
/* End XCBuildConfiguration section */

/* Begin XCConfigurationList section */
		6AE4865D1B39EA3500CAC84B /* Build configuration list for PBXProject "SwiftLoginScreen" */ = {
			isa = XCConfigurationList;
			buildConfigurations = (
				6AE4867F1B39EA3500CAC84B /* Debug */,
				6AE486801B39EA3500CAC84B /* Release */,
			);
			defaultConfigurationIsVisible = 0;
			defaultConfigurationName = Release;
		};
		6AE486811B39EA3500CAC84B /* Build configuration list for PBXNativeTarget "SwiftLoginScreen" */ = {
			isa = XCConfigurationList;
			buildConfigurations = (
				6AE486821B39EA3500CAC84B /* Debug */,
				6AE486831B39EA3500CAC84B /* Release */,
			);
			defaultConfigurationIsVisible = 0;
		};
		6AE486841B39EA3500CAC84B /* Build configuration list for PBXNativeTarget "SwiftLoginScreenTests" */ = {
			isa = XCConfigurationList;
			buildConfigurations = (
				6AE486851B39EA3500CAC84B /* Debug */,
				6AE486861B39EA3500CAC84B /* Release */,
			);
			defaultConfigurationIsVisible = 0;
		};
/* End XCConfigurationList section */
	};
	rootObject = 6AE4865A1B39EA3500CAC84B /* Project object */;
}
